<?xml version="1.0" encoding="utf-8"?>
<Project ToolsVersion="4.0" xmlns="http://schemas.microsoft.com/developer/msbuild/2003">
  <ItemGroup>
    <Filter Include="源文件">
      <UniqueIdentifier>{4FC737F1-C7A5-4376-A066-2A32D752A2FF}</UniqueIdentifier>
      <Extensions>cpp;c;cc;cxx;def;odl;idl;hpj;bat;asm;asmx</Extensions>
    </Filter>
    <Filter Include="头文件">
      <UniqueIdentifier>{93995380-89BD-4b04-88EB-625FBE52EBFB}</UniqueIdentifier>
      <Extensions>h;hh;hpp;hxx;hm;inl;inc;ipp;xsd</Extensions>
    </Filter>
    <Filter Include="资源文件">
      <UniqueIdentifier>{67DA6AB6-F800-4c08-8B7A-83BB121AAD01}</UniqueIdentifier>
      <Extensions>rc;ico;cur;bmp;dlg;rc2;rct;bin;rgs;gif;jpg;jpeg;jpe;resx;tiff;tif;png;wav;mfcribbon-ms</Extensions>
    </Filter>
    <Filter Include="源文件\tricks">
      <UniqueIdentifier>{b89fb5fa-2e3a-4f11-a1cb-6c157eb8735a}</UniqueIdentifier>
    </Filter>
    <Filter Include="源文件\tutorial">
      <UniqueIdentifier>{8f3e7fd1-38f9-4a9e-a634-2b93a12ec2e5}</UniqueIdentifier>
    </Filter>
    <Filter Include="源文件\tutorial\json_parser">
      <UniqueIdentifier>{87db9318-c4ff-4abb-9aee-323cb79733a5}</UniqueIdentifier>
    </Filter>
    <Filter Include="源文件\utils">
      <UniqueIdentifier>{3a01180f-22a7-4462-a371-b7e9509b73c3}</UniqueIdentifier>
    </Filter>
  </ItemGroup>
  <ItemGroup>
    <ClInclude Include="pch.h">
      <Filter>头文件</Filter>
    </ClInclude>
    <ClInclude Include="tricks\convar_and_contravar.h">
      <Filter>源文件\tricks</Filter>
    </ClInclude>
    <ClInclude Include="tricks\sfinae.h">
      <Filter>源文件\tricks</Filter>
    </ClInclude>
    <ClInclude Include="tutorial\leptjson\leptjson.h">
      <Filter>源文件\tutorial\json_parser</Filter>
    </ClInclude>
    <ClInclude Include="utils\MixStack.h">
      <Filter>源文件\utils</Filter>
    </ClInclude>
    <ClInclude Include="tricks\evil_trick.h">
      <Filter>源文件\tricks</Filter>
    </ClInclude>
    <ClInclude Include="tricks\CppStandard11.h">
      <Filter>源文件\tricks</Filter>
    </ClInclude>
    <ClInclude Include="tutorial\ClassLayoutCheck.h">
      <Filter>源文件\tutorial</Filter>
    </ClInclude>
  </ItemGroup>
  <ItemGroup>
    <ClCompile Include="pch.cpp">
      <Filter>源文件</Filter>
    </ClCompile>
    <ClCompile Include="tricks\convar_and_contravar.cpp">
      <Filter>源文件\tricks</Filter>
    </ClCompile>
    <ClCompile Include="tricks\sfinae.cpp">
      <Filter>源文件\tricks</Filter>
    </ClCompile>
    <ClCompile Include="main.cpp">
      <Filter>源文件</Filter>
    </ClCompile>
    <ClCompile Include="tutorial\leptjson\leptjson.cpp">
      <Filter>源文件\tutorial\json_parser</Filter>
    </ClCompile>
    <ClCompile Include="tutorial\leptjson\test.cpp">
      <Filter>源文件\tutorial\json_parser</Filter>
    </ClCompile>
    <ClCompile Include="utils\MixStack.cpp">
      <Filter>源文件\utils</Filter>
    </ClCompile>
    <ClCompile Include="tricks\CppStandard11.cpp">
      <Filter>源文件\tricks</Filter>
    </ClCompile>
    <ClCompile Include="tutorial\ClassLayoutCheck.cpp">
      <Filter>源文件\tutorial</Filter>
    </ClCompile>
  </ItemGroup>
</Project>